
Microsoft Visual Studio Solution File, Format Version 12.00
# Visual Studio Version 17
VisualStudioVersion = 17.4.33110.190
MinimumVisualStudioVersion = 10.0.40219.1
Project("{8BC9CEB8-8B4A-11D0-8D11-00A0C91BC942}") = "2DGameDev", "GameDev.vcxproj", "{A335C1BA-CFDA-41FD-A0E3-307EBDF715CC}"
	ProjectSection(ProjectDependencies) = postProject
		{669A9E46-91FC-4BF2-9D51-8B9C350D4D0D} = {669A9E46-91FC-4BF2-9D51-8B9C350D4D0D}
	EndProjectSection
EndProject
Project("{8BC9CEB8-8B4A-11D0-8D11-00A0C91BC942}") = "CppGameLib", "..\cppgamelib\cppgamelib.vcxproj", "{478A3EF4-5780-4567-BE58-56BECCD9D215}"
EndProject
Project("{8BC9CEB8-8B4A-11D0-8D11-00A0C91BC942}") = "CppGameLibTests", "..\cppgamelib\Tests\Tests\Tests.vcxproj", "{669A9E46-91FC-4BF2-9D51-8B9C350D4D0D}"
EndProject
Project("{8BC9CEB8-8B4A-11D0-8D11-00A0C91BC942}") = "TestLinking", "..\cppgamelib\TestLinking\TestLinking.vcxproj", "{C95EF52B-7808-4C16-8C91-5B4CA983FA3C}"
EndProject
Project("{8BC9CEB8-8B4A-11D0-8D11-00A0C91BC942}") = "2DGameDevLib", "2DGameDevLib\2DGameDevLib.vcxproj", "{825D337D-0F78-428C-9590-FDB39F79C6E9}"
EndProject
Project("{8BC9CEB8-8B4A-11D0-8D11-00A0C91BC942}") = "2DGameDevLibTests", "2DGameDevLibTests\2DGameDevLibTests.vcxproj", "{DD33B97B-06EB-4264-80CA-CE685A995029}"
EndProject
Project("{FAE04EC0-301F-11D3-BF4B-00C04F79EFBC}") = "GameEditor", "GameEditor\GameEditor\GameEditor.csproj", "{C8100667-08D9-4344-BF68-B9E2F7E34CC5}"
EndProject
Project("{9A19103F-16F7-4668-BE54-9A1E7A4F7556}") = "GameEditorTests", "GameEditorTests\GameEditorTests.csproj", "{232B2D92-1ADA-405D-856F-4C403FACA68A}"
EndProject
Project("{8BC9CEB8-8B4A-11D0-8D11-00A0C91BC942}") = "libmonad", "..\libmonad\lib\lib.vcxproj", "{A63D4542-48CA-4D12-ACAE-F35A729C40D0}"
EndProject
Project("{8BC9CEB8-8B4A-11D0-8D11-00A0C91BC942}") = "CppLibExpectation", "..\expectationlib\Src\CppLibExpectation\CppLibExpectation.vcxproj", "{8521A984-C70C-47B2-B24A-451D8A747F64}"
EndProject
Project("{8BC9CEB8-8B4A-11D0-8D11-00A0C91BC942}") = "CppLibExpectationTests", "..\expectationlib\Tests\CppUnitTests\CppUnitTests.vcxproj", "{8DD9792C-42D2-4D3E-8CE1-A378C3A739DB}"
EndProject
Project("{8BC9CEB8-8B4A-11D0-8D11-00A0C91BC942}") = "LibCausalityTests", "..\libcausality\test\LibCausalityTests\LibCausalityTests.vcxproj", "{653B5907-8CF2-4181-BB08-8E68BB3D4725}"
	ProjectSection(ProjectDependencies) = postProject
		{EA98BB93-A71F-4BA6-AC63-F30D7D48B417} = {EA98BB93-A71F-4BA6-AC63-F30D7D48B417}
	EndProjectSection
EndProject
Project("{8BC9CEB8-8B4A-11D0-8D11-00A0C91BC942}") = "libcausality", "..\libcausality\libcausality.vcxproj", "{EA98BB93-A71F-4BA6-AC63-F30D7D48B417}"
EndProject
Project("{8BC9CEB8-8B4A-11D0-8D11-00A0C91BC942}") = "libmonadTests", "..\libmonad\Tests\LibMonadTests.vcxproj", "{CDB1EF51-1996-4362-8DA3-54575EFC516C}"
EndProject
Project("{B7DD6F7E-DEF8-4E67-B5B7-07EF123DB6F0}") = "Installer", "Installer\Installer.wixproj", "{FB80F439-40E5-4DDC-93BC-66F1B81ACF9F}"
EndProject
Global
	GlobalSection(SolutionConfigurationPlatforms) = preSolution
		Debug|Any CPU = Debug|Any CPU
		Debug|ARM64 = Debug|ARM64
		Debug|x64 = Debug|x64
		Debug|x86 = Debug|x86
		Release|Any CPU = Release|Any CPU
		Release|ARM64 = Release|ARM64
		Release|x64 = Release|x64
		Release|x86 = Release|x86
	EndGlobalSection
	GlobalSection(ProjectConfigurationPlatforms) = postSolution
		{A335C1BA-CFDA-41FD-A0E3-307EBDF715CC}.Debug|Any CPU.ActiveCfg = Debug|Win32
		{A335C1BA-CFDA-41FD-A0E3-307EBDF715CC}.Debug|Any CPU.Build.0 = Debug|Win32
		{A335C1BA-CFDA-41FD-A0E3-307EBDF715CC}.Debug|ARM64.ActiveCfg = Debug|x64
		{A335C1BA-CFDA-41FD-A0E3-307EBDF715CC}.Debug|ARM64.Build.0 = Debug|x64
		{A335C1BA-CFDA-41FD-A0E3-307EBDF715CC}.Debug|x64.ActiveCfg = Debug|x64
		{A335C1BA-CFDA-41FD-A0E3-307EBDF715CC}.Debug|x64.Build.0 = Debug|x64
		{A335C1BA-CFDA-41FD-A0E3-307EBDF715CC}.Debug|x86.ActiveCfg = Debug|Win32
		{A335C1BA-CFDA-41FD-A0E3-307EBDF715CC}.Debug|x86.Build.0 = Debug|Win32
		{A335C1BA-CFDA-41FD-A0E3-307EBDF715CC}.Release|Any CPU.ActiveCfg = Release|Win32
		{A335C1BA-CFDA-41FD-A0E3-307EBDF715CC}.Release|ARM64.ActiveCfg = Release|x64
		{A335C1BA-CFDA-41FD-A0E3-307EBDF715CC}.Release|ARM64.Build.0 = Release|x64
		{A335C1BA-CFDA-41FD-A0E3-307EBDF715CC}.Release|x64.ActiveCfg = Release|x64
		{A335C1BA-CFDA-41FD-A0E3-307EBDF715CC}.Release|x64.Build.0 = Release|x64
		{A335C1BA-CFDA-41FD-A0E3-307EBDF715CC}.Release|x86.ActiveCfg = Release|Win32
		{A335C1BA-CFDA-41FD-A0E3-307EBDF715CC}.Release|x86.Build.0 = Release|Win32
		{478A3EF4-5780-4567-BE58-56BECCD9D215}.Debug|Any CPU.ActiveCfg = Debug|Win32
		{478A3EF4-5780-4567-BE58-56BECCD9D215}.Debug|Any CPU.Build.0 = Debug|Win32
		{478A3EF4-5780-4567-BE58-56BECCD9D215}.Debug|ARM64.ActiveCfg = Debug|x64
		{478A3EF4-5780-4567-BE58-56BECCD9D215}.Debug|ARM64.Build.0 = Debug|x64
		{478A3EF4-5780-4567-BE58-56BECCD9D215}.Debug|x64.ActiveCfg = Debug|x64
		{478A3EF4-5780-4567-BE58-56BECCD9D215}.Debug|x64.Build.0 = Debug|x64
		{478A3EF4-5780-4567-BE58-56BECCD9D215}.Debug|x86.ActiveCfg = Debug|Win32
		{478A3EF4-5780-4567-BE58-56BECCD9D215}.Debug|x86.Build.0 = Debug|Win32
		{478A3EF4-5780-4567-BE58-56BECCD9D215}.Release|Any CPU.ActiveCfg = Release|Win32
		{478A3EF4-5780-4567-BE58-56BECCD9D215}.Release|ARM64.ActiveCfg = Release|x64
		{478A3EF4-5780-4567-BE58-56BECCD9D215}.Release|ARM64.Build.0 = Release|x64
		{478A3EF4-5780-4567-BE58-56BECCD9D215}.Release|x64.ActiveCfg = Release|x64
		{478A3EF4-5780-4567-BE58-56BECCD9D215}.Release|x64.Build.0 = Release|x64
		{478A3EF4-5780-4567-BE58-56BECCD9D215}.Release|x86.ActiveCfg = Release|Win32
		{478A3EF4-5780-4567-BE58-56BECCD9D215}.Release|x86.Build.0 = Release|Win32
		{669A9E46-91FC-4BF2-9D51-8B9C350D4D0D}.Debug|Any CPU.ActiveCfg = Debug|Win32
		{669A9E46-91FC-4BF2-9D51-8B9C350D4D0D}.Debug|Any CPU.Build.0 = Debug|Win32
		{669A9E46-91FC-4BF2-9D51-8B9C350D4D0D}.Debug|ARM64.ActiveCfg = Debug|x64
		{669A9E46-91FC-4BF2-9D51-8B9C350D4D0D}.Debug|ARM64.Build.0 = Debug|x64
		{669A9E46-91FC-4BF2-9D51-8B9C350D4D0D}.Debug|x64.ActiveCfg = Debug|x64
		{669A9E46-91FC-4BF2-9D51-8B9C350D4D0D}.Debug|x64.Build.0 = Debug|x64
		{669A9E46-91FC-4BF2-9D51-8B9C350D4D0D}.Debug|x86.ActiveCfg = Debug|Win32
		{669A9E46-91FC-4BF2-9D51-8B9C350D4D0D}.Debug|x86.Build.0 = Debug|Win32
		{669A9E46-91FC-4BF2-9D51-8B9C350D4D0D}.Release|Any CPU.ActiveCfg = Release|Win32
		{669A9E46-91FC-4BF2-9D51-8B9C350D4D0D}.Release|ARM64.ActiveCfg = Release|x64
		{669A9E46-91FC-4BF2-9D51-8B9C350D4D0D}.Release|ARM64.Build.0 = Release|x64
		{669A9E46-91FC-4BF2-9D51-8B9C350D4D0D}.Release|x64.ActiveCfg = Release|x64
		{669A9E46-91FC-4BF2-9D51-8B9C350D4D0D}.Release|x64.Build.0 = Release|x64
		{669A9E46-91FC-4BF2-9D51-8B9C350D4D0D}.Release|x86.ActiveCfg = Release|Win32
		{669A9E46-91FC-4BF2-9D51-8B9C350D4D0D}.Release|x86.Build.0 = Release|Win32
		{C95EF52B-7808-4C16-8C91-5B4CA983FA3C}.Debug|Any CPU.ActiveCfg = Debug|Win32
		{C95EF52B-7808-4C16-8C91-5B4CA983FA3C}.Debug|ARM64.ActiveCfg = Debug|x64
		{C95EF52B-7808-4C16-8C91-5B4CA983FA3C}.Debug|ARM64.Build.0 = Debug|x64
		{C95EF52B-7808-4C16-8C91-5B4CA983FA3C}.Debug|x64.ActiveCfg = Debug|x64
		{C95EF52B-7808-4C16-8C91-5B4CA983FA3C}.Debug|x64.Build.0 = Debug|x64
		{C95EF52B-7808-4C16-8C91-5B4CA983FA3C}.Debug|x86.ActiveCfg = Debug|Win32
		{C95EF52B-7808-4C16-8C91-5B4CA983FA3C}.Debug|x86.Build.0 = Debug|Win32
		{C95EF52B-7808-4C16-8C91-5B4CA983FA3C}.Release|Any CPU.ActiveCfg = Release|Win32
		{C95EF52B-7808-4C16-8C91-5B4CA983FA3C}.Release|ARM64.ActiveCfg = Release|x64
		{C95EF52B-7808-4C16-8C91-5B4CA983FA3C}.Release|ARM64.Build.0 = Release|x64
		{C95EF52B-7808-4C16-8C91-5B4CA983FA3C}.Release|x64.ActiveCfg = Release|x64
		{C95EF52B-7808-4C16-8C91-5B4CA983FA3C}.Release|x64.Build.0 = Release|x64
		{C95EF52B-7808-4C16-8C91-5B4CA983FA3C}.Release|x86.ActiveCfg = Release|Win32
		{C95EF52B-7808-4C16-8C91-5B4CA983FA3C}.Release|x86.Build.0 = Release|Win32
		{825D337D-0F78-428C-9590-FDB39F79C6E9}.Debug|Any CPU.ActiveCfg = Debug|Win32
		{825D337D-0F78-428C-9590-FDB39F79C6E9}.Debug|Any CPU.Build.0 = Debug|Win32
		{825D337D-0F78-428C-9590-FDB39F79C6E9}.Debug|ARM64.ActiveCfg = Debug|x64
		{825D337D-0F78-428C-9590-FDB39F79C6E9}.Debug|ARM64.Build.0 = Debug|x64
		{825D337D-0F78-428C-9590-FDB39F79C6E9}.Debug|x64.ActiveCfg = Debug|x64
		{825D337D-0F78-428C-9590-FDB39F79C6E9}.Debug|x64.Build.0 = Debug|x64
		{825D337D-0F78-428C-9590-FDB39F79C6E9}.Debug|x86.ActiveCfg = Debug|Win32
		{825D337D-0F78-428C-9590-FDB39F79C6E9}.Debug|x86.Build.0 = Debug|Win32
		{825D337D-0F78-428C-9590-FDB39F79C6E9}.Release|Any CPU.ActiveCfg = Release|Win32
		{825D337D-0F78-428C-9590-FDB39F79C6E9}.Release|ARM64.ActiveCfg = Release|x64
		{825D337D-0F78-428C-9590-FDB39F79C6E9}.Release|ARM64.Build.0 = Release|x64
		{825D337D-0F78-428C-9590-FDB39F79C6E9}.Release|x64.ActiveCfg = Release|x64
		{825D337D-0F78-428C-9590-FDB39F79C6E9}.Release|x64.Build.0 = Release|x64
		{825D337D-0F78-428C-9590-FDB39F79C6E9}.Release|x86.ActiveCfg = Release|Win32
		{825D337D-0F78-428C-9590-FDB39F79C6E9}.Release|x86.Build.0 = Release|Win32
		{DD33B97B-06EB-4264-80CA-CE685A995029}.Debug|Any CPU.ActiveCfg = Debug|Win32
		{DD33B97B-06EB-4264-80CA-CE685A995029}.Debug|Any CPU.Build.0 = Debug|Win32
		{DD33B97B-06EB-4264-80CA-CE685A995029}.Debug|ARM64.ActiveCfg = Debug|x64
		{DD33B97B-06EB-4264-80CA-CE685A995029}.Debug|ARM64.Build.0 = Debug|x64
		{DD33B97B-06EB-4264-80CA-CE685A995029}.Debug|x64.ActiveCfg = Debug|x64
		{DD33B97B-06EB-4264-80CA-CE685A995029}.Debug|x64.Build.0 = Debug|x64
		{DD33B97B-06EB-4264-80CA-CE685A995029}.Debug|x86.ActiveCfg = Debug|Win32
		{DD33B97B-06EB-4264-80CA-CE685A995029}.Debug|x86.Build.0 = Debug|Win32
		{DD33B97B-06EB-4264-80CA-CE685A995029}.Release|Any CPU.ActiveCfg = Release|Win32
		{DD33B97B-06EB-4264-80CA-CE685A995029}.Release|ARM64.ActiveCfg = Release|x64
		{DD33B97B-06EB-4264-80CA-CE685A995029}.Release|ARM64.Build.0 = Release|x64
		{DD33B97B-06EB-4264-80CA-CE685A995029}.Release|x64.ActiveCfg = Release|x64
		{DD33B97B-06EB-4264-80CA-CE685A995029}.Release|x64.Build.0 = Release|x64
		{DD33B97B-06EB-4264-80CA-CE685A995029}.Release|x86.ActiveCfg = Release|Win32
		{DD33B97B-06EB-4264-80CA-CE685A995029}.Release|x86.Build.0 = Release|Win32
		{C8100667-08D9-4344-BF68-B9E2F7E34CC5}.Debug|Any CPU.ActiveCfg = Debug|Any CPU
		{C8100667-08D9-4344-BF68-B9E2F7E34CC5}.Debug|Any CPU.Build.0 = Debug|Any CPU
		{C8100667-08D9-4344-BF68-B9E2F7E34CC5}.Debug|ARM64.ActiveCfg = Debug|Any CPU
		{C8100667-08D9-4344-BF68-B9E2F7E34CC5}.Debug|ARM64.Build.0 = Debug|Any CPU
		{C8100667-08D9-4344-BF68-B9E2F7E34CC5}.Debug|x64.ActiveCfg = Debug|Any CPU
		{C8100667-08D9-4344-BF68-B9E2F7E34CC5}.Debug|x64.Build.0 = Debug|Any CPU
		{C8100667-08D9-4344-BF68-B9E2F7E34CC5}.Debug|x86.ActiveCfg = Debug|Any CPU
		{C8100667-08D9-4344-BF68-B9E2F7E34CC5}.Debug|x86.Build.0 = Debug|Any CPU
		{C8100667-08D9-4344-BF68-B9E2F7E34CC5}.Release|Any CPU.ActiveCfg = Release|Any CPU
		{C8100667-08D9-4344-BF68-B9E2F7E34CC5}.Release|Any CPU.Build.0 = Release|Any CPU
		{C8100667-08D9-4344-BF68-B9E2F7E34CC5}.Release|ARM64.ActiveCfg = Release|Any CPU
		{C8100667-08D9-4344-BF68-B9E2F7E34CC5}.Release|ARM64.Build.0 = Release|Any CPU
		{C8100667-08D9-4344-BF68-B9E2F7E34CC5}.Release|x64.ActiveCfg = Release|Any CPU
		{C8100667-08D9-4344-BF68-B9E2F7E34CC5}.Release|x64.Build.0 = Release|Any CPU
		{C8100667-08D9-4344-BF68-B9E2F7E34CC5}.Release|x86.ActiveCfg = Release|Any CPU
		{C8100667-08D9-4344-BF68-B9E2F7E34CC5}.Release|x86.Build.0 = Release|Any CPU
		{232B2D92-1ADA-405D-856F-4C403FACA68A}.Debug|Any CPU.ActiveCfg = Debug|Any CPU
		{232B2D92-1ADA-405D-856F-4C403FACA68A}.Debug|Any CPU.Build.0 = Debug|Any CPU
		{232B2D92-1ADA-405D-856F-4C403FACA68A}.Debug|ARM64.ActiveCfg = Debug|Any CPU
		{232B2D92-1ADA-405D-856F-4C403FACA68A}.Debug|ARM64.Build.0 = Debug|Any CPU
		{232B2D92-1ADA-405D-856F-4C403FACA68A}.Debug|x64.ActiveCfg = Debug|Any CPU
		{232B2D92-1ADA-405D-856F-4C403FACA68A}.Debug|x64.Build.0 = Debug|Any CPU
		{232B2D92-1ADA-405D-856F-4C403FACA68A}.Debug|x86.ActiveCfg = Debug|Any CPU
		{232B2D92-1ADA-405D-856F-4C403FACA68A}.Debug|x86.Build.0 = Debug|Any CPU
		{232B2D92-1ADA-405D-856F-4C403FACA68A}.Release|Any CPU.ActiveCfg = Release|Any CPU
		{232B2D92-1ADA-405D-856F-4C403FACA68A}.Release|Any CPU.Build.0 = Release|Any CPU
		{232B2D92-1ADA-405D-856F-4C403FACA68A}.Release|ARM64.ActiveCfg = Release|Any CPU
		{232B2D92-1ADA-405D-856F-4C403FACA68A}.Release|ARM64.Build.0 = Release|Any CPU
		{232B2D92-1ADA-405D-856F-4C403FACA68A}.Release|x64.ActiveCfg = Release|Any CPU
		{232B2D92-1ADA-405D-856F-4C403FACA68A}.Release|x64.Build.0 = Release|Any CPU
		{232B2D92-1ADA-405D-856F-4C403FACA68A}.Release|x86.ActiveCfg = Release|Any CPU
		{232B2D92-1ADA-405D-856F-4C403FACA68A}.Release|x86.Build.0 = Release|Any CPU
		{A63D4542-48CA-4D12-ACAE-F35A729C40D0}.Debug|Any CPU.ActiveCfg = Debug|x64
		{A63D4542-48CA-4D12-ACAE-F35A729C40D0}.Debug|Any CPU.Build.0 = Debug|x64
		{A63D4542-48CA-4D12-ACAE-F35A729C40D0}.Debug|ARM64.ActiveCfg = Debug|x64
		{A63D4542-48CA-4D12-ACAE-F35A729C40D0}.Debug|ARM64.Build.0 = Debug|x64
		{A63D4542-48CA-4D12-ACAE-F35A729C40D0}.Debug|x64.ActiveCfg = Debug|x64
		{A63D4542-48CA-4D12-ACAE-F35A729C40D0}.Debug|x64.Build.0 = Debug|x64
		{A63D4542-48CA-4D12-ACAE-F35A729C40D0}.Debug|x86.ActiveCfg = Debug|Win32
		{A63D4542-48CA-4D12-ACAE-F35A729C40D0}.Debug|x86.Build.0 = Debug|Win32
		{A63D4542-48CA-4D12-ACAE-F35A729C40D0}.Release|Any CPU.ActiveCfg = Release|x64
		{A63D4542-48CA-4D12-ACAE-F35A729C40D0}.Release|Any CPU.Build.0 = Release|x64
		{A63D4542-48CA-4D12-ACAE-F35A729C40D0}.Release|ARM64.ActiveCfg = Release|x64
		{A63D4542-48CA-4D12-ACAE-F35A729C40D0}.Release|ARM64.Build.0 = Release|x64
		{A63D4542-48CA-4D12-ACAE-F35A729C40D0}.Release|x64.ActiveCfg = Release|x64
		{A63D4542-48CA-4D12-ACAE-F35A729C40D0}.Release|x64.Build.0 = Release|x64
		{A63D4542-48CA-4D12-ACAE-F35A729C40D0}.Release|x86.ActiveCfg = Release|Win32
		{A63D4542-48CA-4D12-ACAE-F35A729C40D0}.Release|x86.Build.0 = Release|Win32
		{8521A984-C70C-47B2-B24A-451D8A747F64}.Debug|Any CPU.ActiveCfg = Debug|x64
		{8521A984-C70C-47B2-B24A-451D8A747F64}.Debug|Any CPU.Build.0 = Debug|x64
		{8521A984-C70C-47B2-B24A-451D8A747F64}.Debug|ARM64.ActiveCfg = Debug|x64
		{8521A984-C70C-47B2-B24A-451D8A747F64}.Debug|ARM64.Build.0 = Debug|x64
		{8521A984-C70C-47B2-B24A-451D8A747F64}.Debug|x64.ActiveCfg = Debug|x64
		{8521A984-C70C-47B2-B24A-451D8A747F64}.Debug|x64.Build.0 = Debug|x64
		{8521A984-C70C-47B2-B24A-451D8A747F64}.Debug|x86.ActiveCfg = Debug|Win32
		{8521A984-C70C-47B2-B24A-451D8A747F64}.Debug|x86.Build.0 = Debug|Win32
		{8521A984-C70C-47B2-B24A-451D8A747F64}.Release|Any CPU.ActiveCfg = Release|x64
		{8521A984-C70C-47B2-B24A-451D8A747F64}.Release|Any CPU.Build.0 = Release|x64
		{8521A984-C70C-47B2-B24A-451D8A747F64}.Release|ARM64.ActiveCfg = Release|x64
		{8521A984-C70C-47B2-B24A-451D8A747F64}.Release|ARM64.Build.0 = Release|x64
		{8521A984-C70C-47B2-B24A-451D8A747F64}.Release|x64.ActiveCfg = Release|x64
		{8521A984-C70C-47B2-B24A-451D8A747F64}.Release|x64.Build.0 = Release|x64
		{8521A984-C70C-47B2-B24A-451D8A747F64}.Release|x86.ActiveCfg = Release|Win32
		{8521A984-C70C-47B2-B24A-451D8A747F64}.Release|x86.Build.0 = Release|Win32
		{8DD9792C-42D2-4D3E-8CE1-A378C3A739DB}.Debug|Any CPU.ActiveCfg = Debug|x64
		{8DD9792C-42D2-4D3E-8CE1-A378C3A739DB}.Debug|Any CPU.Build.0 = Debug|x64
		{8DD9792C-42D2-4D3E-8CE1-A378C3A739DB}.Debug|ARM64.ActiveCfg = Debug|x64
		{8DD9792C-42D2-4D3E-8CE1-A378C3A739DB}.Debug|ARM64.Build.0 = Debug|x64
		{8DD9792C-42D2-4D3E-8CE1-A378C3A739DB}.Debug|x64.ActiveCfg = Debug|x64
		{8DD9792C-42D2-4D3E-8CE1-A378C3A739DB}.Debug|x64.Build.0 = Debug|x64
		{8DD9792C-42D2-4D3E-8CE1-A378C3A739DB}.Debug|x86.ActiveCfg = Debug|Win32
		{8DD9792C-42D2-4D3E-8CE1-A378C3A739DB}.Debug|x86.Build.0 = Debug|Win32
		{8DD9792C-42D2-4D3E-8CE1-A378C3A739DB}.Release|Any CPU.ActiveCfg = Release|x64
		{8DD9792C-42D2-4D3E-8CE1-A378C3A739DB}.Release|Any CPU.Build.0 = Release|x64
		{8DD9792C-42D2-4D3E-8CE1-A378C3A739DB}.Release|ARM64.ActiveCfg = Release|x64
		{8DD9792C-42D2-4D3E-8CE1-A378C3A739DB}.Release|ARM64.Build.0 = Release|x64
		{8DD9792C-42D2-4D3E-8CE1-A378C3A739DB}.Release|x64.ActiveCfg = Release|x64
		{8DD9792C-42D2-4D3E-8CE1-A378C3A739DB}.Release|x64.Build.0 = Release|x64
		{8DD9792C-42D2-4D3E-8CE1-A378C3A739DB}.Release|x86.ActiveCfg = Release|Win32
		{8DD9792C-42D2-4D3E-8CE1-A378C3A739DB}.Release|x86.Build.0 = Release|Win32
		{653B5907-8CF2-4181-BB08-8E68BB3D4725}.Debug|Any CPU.ActiveCfg = Debug|x64
		{653B5907-8CF2-4181-BB08-8E68BB3D4725}.Debug|Any CPU.Build.0 = Debug|x64
		{653B5907-8CF2-4181-BB08-8E68BB3D4725}.Debug|ARM64.ActiveCfg = Debug|x64
		{653B5907-8CF2-4181-BB08-8E68BB3D4725}.Debug|ARM64.Build.0 = Debug|x64
		{653B5907-8CF2-4181-BB08-8E68BB3D4725}.Debug|x64.ActiveCfg = Debug|x64
		{653B5907-8CF2-4181-BB08-8E68BB3D4725}.Debug|x64.Build.0 = Debug|x64
		{653B5907-8CF2-4181-BB08-8E68BB3D4725}.Debug|x86.ActiveCfg = Debug|Win32
		{653B5907-8CF2-4181-BB08-8E68BB3D4725}.Debug|x86.Build.0 = Debug|Win32
		{653B5907-8CF2-4181-BB08-8E68BB3D4725}.Release|Any CPU.ActiveCfg = Release|x64
		{653B5907-8CF2-4181-BB08-8E68BB3D4725}.Release|Any CPU.Build.0 = Release|x64
		{653B5907-8CF2-4181-BB08-8E68BB3D4725}.Release|ARM64.ActiveCfg = Release|x64
		{653B5907-8CF2-4181-BB08-8E68BB3D4725}.Release|ARM64.Build.0 = Release|x64
		{653B5907-8CF2-4181-BB08-8E68BB3D4725}.Release|x64.ActiveCfg = Release|x64
		{653B5907-8CF2-4181-BB08-8E68BB3D4725}.Release|x64.Build.0 = Release|x64
		{653B5907-8CF2-4181-BB08-8E68BB3D4725}.Release|x86.ActiveCfg = Release|Win32
		{653B5907-8CF2-4181-BB08-8E68BB3D4725}.Release|x86.Build.0 = Release|Win32
		{EA98BB93-A71F-4BA6-AC63-F30D7D48B417}.Debug|Any CPU.ActiveCfg = Debug|x64
		{EA98BB93-A71F-4BA6-AC63-F30D7D48B417}.Debug|Any CPU.Build.0 = Debug|x64
		{EA98BB93-A71F-4BA6-AC63-F30D7D48B417}.Debug|ARM64.ActiveCfg = Debug|x64
		{EA98BB93-A71F-4BA6-AC63-F30D7D48B417}.Debug|ARM64.Build.0 = Debug|x64
		{EA98BB93-A71F-4BA6-AC63-F30D7D48B417}.Debug|x64.ActiveCfg = Debug|x64
		{EA98BB93-A71F-4BA6-AC63-F30D7D48B417}.Debug|x64.Build.0 = Debug|x64
		{EA98BB93-A71F-4BA6-AC63-F30D7D48B417}.Debug|x86.ActiveCfg = Debug|Win32
		{EA98BB93-A71F-4BA6-AC63-F30D7D48B417}.Debug|x86.Build.0 = Debug|Win32
		{EA98BB93-A71F-4BA6-AC63-F30D7D48B417}.Release|Any CPU.ActiveCfg = Release|x64
		{EA98BB93-A71F-4BA6-AC63-F30D7D48B417}.Release|Any CPU.Build.0 = Release|x64
		{EA98BB93-A71F-4BA6-AC63-F30D7D48B417}.Release|ARM64.ActiveCfg = Release|x64
		{EA98BB93-A71F-4BA6-AC63-F30D7D48B417}.Release|ARM64.Build.0 = Release|x64
		{EA98BB93-A71F-4BA6-AC63-F30D7D48B417}.Release|x64.ActiveCfg = Release|x64
		{EA98BB93-A71F-4BA6-AC63-F30D7D48B417}.Release|x64.Build.0 = Release|x64
		{EA98BB93-A71F-4BA6-AC63-F30D7D48B417}.Release|x86.ActiveCfg = Release|Win32
		{EA98BB93-A71F-4BA6-AC63-F30D7D48B417}.Release|x86.Build.0 = Release|Win32
		{CDB1EF51-1996-4362-8DA3-54575EFC516C}.Debug|Any CPU.ActiveCfg = Debug|x64
		{CDB1EF51-1996-4362-8DA3-54575EFC516C}.Debug|Any CPU.Build.0 = Debug|x64
		{CDB1EF51-1996-4362-8DA3-54575EFC516C}.Debug|ARM64.ActiveCfg = Debug|x64
		{CDB1EF51-1996-4362-8DA3-54575EFC516C}.Debug|ARM64.Build.0 = Debug|x64
		{CDB1EF51-1996-4362-8DA3-54575EFC516C}.Debug|x64.ActiveCfg = Debug|x64
		{CDB1EF51-1996-4362-8DA3-54575EFC516C}.Debug|x64.Build.0 = Debug|x64
		{CDB1EF51-1996-4362-8DA3-54575EFC516C}.Debug|x86.ActiveCfg = Debug|Win32
		{CDB1EF51-1996-4362-8DA3-54575EFC516C}.Debug|x86.Build.0 = Debug|Win32
		{CDB1EF51-1996-4362-8DA3-54575EFC516C}.Release|Any CPU.ActiveCfg = Release|x64
		{CDB1EF51-1996-4362-8DA3-54575EFC516C}.Release|Any CPU.Build.0 = Release|x64
		{CDB1EF51-1996-4362-8DA3-54575EFC516C}.Release|ARM64.ActiveCfg = Release|x64
		{CDB1EF51-1996-4362-8DA3-54575EFC516C}.Release|ARM64.Build.0 = Release|x64
		{CDB1EF51-1996-4362-8DA3-54575EFC516C}.Release|x64.ActiveCfg = Release|x64
		{CDB1EF51-1996-4362-8DA3-54575EFC516C}.Release|x64.Build.0 = Release|x64
		{CDB1EF51-1996-4362-8DA3-54575EFC516C}.Release|x86.ActiveCfg = Release|Win32
		{CDB1EF51-1996-4362-8DA3-54575EFC516C}.Release|x86.Build.0 = Release|Win32
		{FB80F439-40E5-4DDC-93BC-66F1B81ACF9F}.Debug|Any CPU.ActiveCfg = Debug|x64
		{FB80F439-40E5-4DDC-93BC-66F1B81ACF9F}.Debug|Any CPU.Build.0 = Debug|x64
		{FB80F439-40E5-4DDC-93BC-66F1B81ACF9F}.Debug|ARM64.ActiveCfg = Debug|ARM64
		{FB80F439-40E5-4DDC-93BC-66F1B81ACF9F}.Debug|ARM64.Build.0 = Debug|ARM64
		{FB80F439-40E5-4DDC-93BC-66F1B81ACF9F}.Debug|x64.ActiveCfg = Debug|x64
		{FB80F439-40E5-4DDC-93BC-66F1B81ACF9F}.Debug|x64.Build.0 = Debug|x64
		{FB80F439-40E5-4DDC-93BC-66F1B81ACF9F}.Debug|x86.ActiveCfg = Debug|x86
		{FB80F439-40E5-4DDC-93BC-66F1B81ACF9F}.Debug|x86.Build.0 = Debug|x86
		{FB80F439-40E5-4DDC-93BC-66F1B81ACF9F}.Release|Any CPU.ActiveCfg = Release|x64
		{FB80F439-40E5-4DDC-93BC-66F1B81ACF9F}.Release|Any CPU.Build.0 = Release|x64
		{FB80F439-40E5-4DDC-93BC-66F1B81ACF9F}.Release|ARM64.ActiveCfg = Release|ARM64
		{FB80F439-40E5-4DDC-93BC-66F1B81ACF9F}.Release|ARM64.Build.0 = Release|ARM64
		{FB80F439-40E5-4DDC-93BC-66F1B81ACF9F}.Release|x64.ActiveCfg = Release|x64
		{FB80F439-40E5-4DDC-93BC-66F1B81ACF9F}.Release|x64.Build.0 = Release|x64
		{FB80F439-40E5-4DDC-93BC-66F1B81ACF9F}.Release|x86.ActiveCfg = Release|x86
		{FB80F439-40E5-4DDC-93BC-66F1B81ACF9F}.Release|x86.Build.0 = Release|x86
	EndGlobalSection
	GlobalSection(SolutionProperties) = preSolution
		HideSolutionNode = FALSE
	EndGlobalSection
	GlobalSection(ExtensibilityGlobals) = postSolution
		SolutionGuid = {09EEEA8D-CADC-42F1-B023-4C6322B9FC52}
	EndGlobalSection
EndGlobal
