<?xml version="1.0" encoding="utf-8"?>
<Project ToolsVersion="4.0" xmlns="http://schemas.microsoft.com/developer/msbuild/2003">
  <ItemGroup>
    <Filter Include="Source Files">
      <UniqueIdentifier>{4FC737F1-C7A5-4376-A066-2A32D752A2FF}</UniqueIdentifier>
      <Extensions>cpp;c;cc;cxx;def;odl;idl;hpj;bat;asm;asmx</Extensions>
    </Filter>
    <Filter Include="Header Files">
      <UniqueIdentifier>{93995380-89BD-4b04-88EB-625FBE52EBFB}</UniqueIdentifier>
      <Extensions>h;hh;hpp;hxx;hm;inl;inc;ipp;xsd</Extensions>
    </Filter>
    <Filter Include="Resource Files">
      <UniqueIdentifier>{67DA6AB6-F800-4c08-8B7A-83BB121AAD01}</UniqueIdentifier>
      <Extensions>rc;ico;cur;bmp;dlg;rc2;rct;bin;rgs;gif;jpg;jpeg;jpe;resx;tiff;tif;png;wav;mfcribbon-ms</Extensions>
    </Filter>
  </ItemGroup>
  <ItemGroup>
    <ClCompile Include="main.cpp">
      <Filter>Source Files</Filter>
    </ClCompile>
    <ClCompile Include="AnimatedActor.cpp">
      <Filter>Source Files</Filter>
    </ClCompile>
    <ClCompile Include="AudioManager.cpp">
      <Filter>Source Files</Filter>
    </ClCompile>
    <ClCompile Include="AudioResource.cpp">
      <Filter>Source Files</Filter>
    </ClCompile>
    <ClCompile Include="DoLogicUpdateEvent.cpp">
      <Filter>Source Files</Filter>
    </ClCompile>
    <ClCompile Include="Drawing.cpp">
      <Filter>Source Files</Filter>
    </ClCompile>
    <ClCompile Include="PositionChangeEvent.cpp">
      <Filter>Source Files</Filter>
    </ClCompile>
    <ClCompile Include="SceneChangedEvent.cpp">
      <Filter>Source Files</Filter>
    </ClCompile>
    <ClCompile Include="SceneItem.cpp">
      <Filter>Source Files</Filter>
    </ClCompile>
    <ClCompile Include="tinyxml2-master\tinyxml2.cpp">
      <Filter>Source Files</Filter>
    </ClCompile>
    <ClCompile Include="Sprite.cpp">
      <Filter>Source Files</Filter>
    </ClCompile>
    <ClCompile Include="Mesh3D.cpp">
      <Filter>Source Files</Filter>
    </ClCompile>
    <ClCompile Include="RenderManager3D.cpp">
      <Filter>Source Files</Filter>
    </ClCompile>
    <ClCompile Include="Sprites3D.cpp">
      <Filter>Source Files</Filter>
    </ClCompile>
    <ClCompile Include="Texture3D.cpp">
      <Filter>Source Files</Filter>
    </ClCompile>
    <ClCompile Include="AddGameObjectToCurrentSceneEvent.h">
      <Filter>Source Files</Filter>
    </ClCompile>
    <ClCompile Include="Component.cpp">
      <Filter>Source Files</Filter>
    </ClCompile>
    <ClCompile Include="Tuple.cpp">
      <Filter>Source Files</Filter>
    </ClCompile>
    <ClCompile Include="Player.cpp">
      <Filter>Source Files</Filter>
    </ClCompile>
    <ClCompile Include="Square.cpp">
      <Filter>Source Files</Filter>
    </ClCompile>
    <ClCompile Include="RectDebugging.cpp">
      <Filter>Source Files</Filter>
    </ClCompile>
    <ClCompile Include="LevelGenerator.cpp">
      <Filter>Source Files</Filter>
    </ClCompile>
    <ClCompile Include="Event.cpp">
      <Filter>Source Files</Filter>
    </ClCompile>
    <ClCompile Include="asset.cpp">
      <Filter>Source Files</Filter>
    </ClCompile>
    <ClCompile Include="game_object_factory.cpp">
      <Filter>Source Files</Filter>
    </ClCompile>
    <ClCompile Include="event_subscriber.cpp">
      <Filter>Source Files</Filter>
    </ClCompile>
    <ClCompile Include="event_manager.cpp">
      <Filter>Source Files</Filter>
    </ClCompile>
    <ClCompile Include="game_object.cpp">
      <Filter>Source Files</Filter>
    </ClCompile>
    <ClCompile Include="game_structure.cpp">
      <Filter>Source Files</Filter>
    </ClCompile>
    <ClCompile Include="sdl_graphics_manager.cpp">
      <Filter>Source Files</Filter>
    </ClCompile>
    <ClCompile Include="scene_manager.cpp">
      <Filter>Source Files</Filter>
    </ClCompile>
    <ClCompile Include="resource_manager.cpp">
      <Filter>Source Files</Filter>
    </ClCompile>
    <ClCompile Include="rect_details.cpp">
      <Filter>Source Files</Filter>
    </ClCompile>
    <ClCompile Include="player_moved_event.cpp">
      <Filter>Source Files</Filter>
    </ClCompile>
    <ClCompile Include="player_component.cpp">
      <Filter>Source Files</Filter>
    </ClCompile>
    <ClCompile Include="scene_loaded_event.cpp">
      <Filter>Source Files</Filter>
    </ClCompile>
    <ClCompile Include="font_resource.cpp">
      <Filter>Source Files</Filter>
    </ClCompile>
    <ClCompile Include="font_manager.cpp">
      <Filter>Source Files</Filter>
    </ClCompile>
    <ClCompile Include="graphic_resource.cpp">
      <Filter>Source Files</Filter>
    </ClCompile>
    <ClCompile Include="AddGameObjectToCurrentSceneEvent.cpp">
      <Filter>Source Files</Filter>
    </ClCompile>
  </ItemGroup>
  <ItemGroup>
    <ClInclude Include="AnimatedActor.h">
      <Filter>Header Files</Filter>
    </ClInclude>
    <ClInclude Include="AudioManager.h">
      <Filter>Header Files</Filter>
    </ClInclude>
    <ClInclude Include="AudioResource.h">
      <Filter>Header Files</Filter>
    </ClInclude>
    <ClInclude Include="Common.h">
      <Filter>Header Files</Filter>
    </ClInclude>
    <ClInclude Include="DoLogicUpdateEvent.h">
      <Filter>Header Files</Filter>
    </ClInclude>
    <ClInclude Include="Drawing.h">
      <Filter>Header Files</Filter>
    </ClInclude>
    <ClInclude Include="Events.h">
      <Filter>Header Files</Filter>
    </ClInclude>
    <ClInclude Include="Layer.h">
      <Filter>Header Files</Filter>
    </ClInclude>
    <ClInclude Include="PositionChangeEvent.h">
      <Filter>Header Files</Filter>
    </ClInclude>
    <ClInclude Include="SceneChangedEvent.h">
      <Filter>Header Files</Filter>
    </ClInclude>
    <ClInclude Include="SceneItem.h">
      <Filter>Header Files</Filter>
    </ClInclude>
    <ClInclude Include="tinyxml2-master\tinyxml2.h">
      <Filter>Header Files</Filter>
    </ClInclude>
    <ClInclude Include="Sprite.h">
      <Filter>Header Files</Filter>
    </ClInclude>
    <ClInclude Include="TypeAliases.h">
      <Filter>Header Files</Filter>
    </ClInclude>
    <ClInclude Include="COMUtils.h">
      <Filter>Header Files</Filter>
    </ClInclude>
    <ClInclude Include="Mesh3D.h">
      <Filter>Header Files</Filter>
    </ClInclude>
    <ClInclude Include="RenderManager3D.h">
      <Filter>Header Files</Filter>
    </ClInclude>
    <ClInclude Include="resource1.h">
      <Filter>Header Files</Filter>
    </ClInclude>
    <ClInclude Include="Sprites3D.h">
      <Filter>Header Files</Filter>
    </ClInclude>
    <ClInclude Include="Texture3D.h">
      <Filter>Header Files</Filter>
    </ClInclude>
    <ClInclude Include="Component.h">
      <Filter>Header Files</Filter>
    </ClInclude>
    <ClInclude Include="Tuple.h">
      <Filter>Header Files</Filter>
    </ClInclude>
    <ClInclude Include="Player.h">
      <Filter>Header Files</Filter>
    </ClInclude>
    <ClInclude Include="Square.h">
      <Filter>Header Files</Filter>
    </ClInclude>
    <ClInclude Include="constants.h">
      <Filter>Header Files</Filter>
    </ClInclude>
    <ClInclude Include="RectDebugging.h">
      <Filter>Header Files</Filter>
    </ClInclude>
    <ClInclude Include="LevelGenerator.h">
      <Filter>Header Files</Filter>
    </ClInclude>
    <ClInclude Include="Event.h">
      <Filter>Header Files</Filter>
    </ClInclude>
    <ClInclude Include="asset.h">
      <Filter>Header Files</Filter>
    </ClInclude>
    <ClInclude Include="game_object_factory.h">
      <Filter>Header Files</Filter>
    </ClInclude>
    <ClInclude Include="global_config.h">
      <Filter>Header Files</Filter>
    </ClInclude>
    <ClInclude Include="event_subscriber.h">
      <Filter>Header Files</Filter>
    </ClInclude>
    <ClInclude Include="event_manager.h">
      <Filter>Header Files</Filter>
    </ClInclude>
    <ClInclude Include="game_object.h">
      <Filter>Header Files</Filter>
    </ClInclude>
    <ClInclude Include="game_structure.h">
      <Filter>Header Files</Filter>
    </ClInclude>
    <ClInclude Include="scene_manager.h">
      <Filter>Header Files</Filter>
    </ClInclude>
    <ClInclude Include="resource_manager.h">
      <Filter>Header Files</Filter>
    </ClInclude>
    <ClInclude Include="rect_details.h">
      <Filter>Header Files</Filter>
    </ClInclude>
    <ClInclude Include="sdl_graphics_manager.h">
      <Filter>Header Files</Filter>
    </ClInclude>
    <ClInclude Include="aliases.h">
      <Filter>Header Files</Filter>
    </ClInclude>
    <ClInclude Include="player_moved_event.h">
      <Filter>Header Files</Filter>
    </ClInclude>
    <ClInclude Include="player_component.h">
      <Filter>Header Files</Filter>
    </ClInclude>
    <ClInclude Include="scene_loaded_event.h">
      <Filter>Header Files</Filter>
    </ClInclude>
    <ClInclude Include="font_resource.h">
      <Filter>Header Files</Filter>
    </ClInclude>
    <ClInclude Include="font_manager.h">
      <Filter>Header Files</Filter>
    </ClInclude>
    <ClInclude Include="graphic_resource.h">
      <Filter>Header Files</Filter>
    </ClInclude>
  </ItemGroup>
  <ItemGroup>
    <Xml Include="scene2.xml" />
    <Xml Include="scene3.xml" />
  </ItemGroup>
  <ItemGroup>
    <ResourceCompile Include="2DGameDev.rc">
      <Filter>Resource Files</Filter>
    </ResourceCompile>
  </ItemGroup>
</Project>