<?xml version="1.0" encoding="utf-8"?>
<Project ToolsVersion="4.0" xmlns="http://schemas.microsoft.com/developer/msbuild/2003">
  <ItemGroup>
    <Filter Include="Source Files">
      <UniqueIdentifier>{4FC737F1-C7A5-4376-A066-2A32D752A2FF}</UniqueIdentifier>
      <Extensions>cpp;c;cc;cxx;def;odl;idl;hpj;bat;asm;asmx</Extensions>
    </Filter>
    <Filter Include="Header Files">
      <UniqueIdentifier>{93995380-89BD-4b04-88EB-625FBE52EBFB}</UniqueIdentifier>
      <Extensions>h;hh;hpp;hxx;hm;inl;inc;ipp;xsd</Extensions>
    </Filter>
    <Filter Include="Resource Files">
      <UniqueIdentifier>{67DA6AB6-F800-4c08-8B7A-83BB121AAD01}</UniqueIdentifier>
      <Extensions>rc;ico;cur;bmp;dlg;rc2;rct;bin;rgs;gif;jpg;jpeg;jpe;resx;tiff;tif;png;wav;mfcribbon-ms</Extensions>
    </Filter>
  </ItemGroup>
  <ItemGroup>
    <ClCompile Include="main.cpp">
      <Filter>Source Files</Filter>
    </ClCompile>
    <ClCompile Include="tinyxml2-master\tinyxml2.cpp">
      <Filter>Source Files</Filter>
    </ClCompile>
    <ClCompile Include="arch\events\AddGameObjectToCurrentSceneEvent.cpp">
      <Filter>Source Files</Filter>
    </ClCompile>
    <ClCompile Include="arch\events\AddGameObjectToCurrentSceneEvent.h">
      <Filter>Source Files</Filter>
    </ClCompile>
    <ClCompile Include="arch\events\Event.cpp">
      <Filter>Source Files</Filter>
    </ClCompile>
    <ClCompile Include="arch\events\event_manager.cpp">
      <Filter>Source Files</Filter>
    </ClCompile>
    <ClCompile Include="arch\events\event_subscriber.cpp">
      <Filter>Source Files</Filter>
    </ClCompile>
    <ClCompile Include="arch\asset\asset.cpp">
      <Filter>Source Files</Filter>
    </ClCompile>
    <ClCompile Include="arch\audio\AudioManager.cpp">
      <Filter>Source Files</Filter>
    </ClCompile>
    <ClCompile Include="arch\audio\AudioResource.cpp">
      <Filter>Source Files</Filter>
    </ClCompile>
    <ClCompile Include="arch\events\DoLogicUpdateEvent.cpp">
      <Filter>Source Files</Filter>
    </ClCompile>
    <ClCompile Include="arch\game_structure.cpp">
      <Filter>Source Files</Filter>
    </ClCompile>
    <ClCompile Include="arch\font\font_manager.cpp">
      <Filter>Source Files</Filter>
    </ClCompile>
    <ClCompile Include="arch\font\font_resource.cpp">
      <Filter>Source Files</Filter>
    </ClCompile>
    <ClCompile Include="arch\objects\Component.cpp">
      <Filter>Source Files</Filter>
    </ClCompile>
    <ClCompile Include="arch\objects\game_object.cpp">
      <Filter>Source Files</Filter>
    </ClCompile>
    <ClCompile Include="arch\objects\game_object_factory.cpp">
      <Filter>Source Files</Filter>
    </ClCompile>
    <ClCompile Include="arch\graphic\graphic_resource.cpp">
      <Filter>Source Files</Filter>
    </ClCompile>
    <ClCompile Include="arch\objects\Player.cpp">
      <Filter>Source Files</Filter>
    </ClCompile>
    <ClCompile Include="arch\objects\player_component.cpp">
      <Filter>Source Files</Filter>
    </ClCompile>
    <ClCompile Include="arch\events\player_moved_event.cpp">
      <Filter>Source Files</Filter>
    </ClCompile>
    <ClCompile Include="arch\events\PositionChangeEvent.cpp">
      <Filter>Source Files</Filter>
    </ClCompile>
    <ClCompile Include="arch\events\scene_loaded_event.cpp">
      <Filter>Source Files</Filter>
    </ClCompile>
    <ClCompile Include="arch\events\SceneChangedEvent.cpp">
      <Filter>Source Files</Filter>
    </ClCompile>
    <ClCompile Include="arch\scene\scene_manager.cpp">
      <Filter>Source Files</Filter>
    </ClCompile>
    <ClCompile Include="arch\scene\SceneItem.cpp">
      <Filter>Source Files</Filter>
    </ClCompile>
    <ClCompile Include="arch\scene\LevelGenerator.cpp">
      <Filter>Source Files</Filter>
    </ClCompile>
    <ClCompile Include="arch\graphic\Drawing.cpp">
      <Filter>Source Files</Filter>
    </ClCompile>
    <ClCompile Include="arch\scene\rect_details.cpp">
      <Filter>Source Files</Filter>
    </ClCompile>
    <ClCompile Include="arch\graphic\sdl_graphics_manager.cpp">
      <Filter>Source Files</Filter>
    </ClCompile>
    <ClCompile Include="arch\resource\resource_manager.cpp">
      <Filter>Source Files</Filter>
    </ClCompile>
    <ClCompile Include="arch\objects\Sprite.cpp">
      <Filter>Source Files</Filter>
    </ClCompile>
    <ClCompile Include="arch\scene\Square.cpp">
      <Filter>Source Files</Filter>
    </ClCompile>
    <ClCompile Include="arch\util\Tuple.cpp">
      <Filter>Source Files</Filter>
    </ClCompile>
    <ClCompile Include="arch\graphic\3d\RenderManager3D.cpp">
      <Filter>Source Files</Filter>
    </ClCompile>
    <ClCompile Include="arch\graphic\3d\Texture3D.cpp">
      <Filter>Source Files</Filter>
    </ClCompile>
    <ClCompile Include="arch\objects\3d\Sprites3D.cpp">
      <Filter>Source Files</Filter>
    </ClCompile>
    <ClCompile Include="arch\graphic\3d\Mesh3D.cpp">
      <Filter>Source Files</Filter>
    </ClCompile>
    <ClCompile Include="arch\util\RectDebugging.cpp">
      <Filter>Source Files</Filter>
    </ClCompile>
  </ItemGroup>
  <ItemGroup>
    <ClInclude Include="tinyxml2-master\tinyxml2.h">
      <Filter>Header Files</Filter>
    </ClInclude>
    <ClInclude Include="resource1.h">
      <Filter>Header Files</Filter>
    </ClInclude>
    <ClInclude Include="arch\common\Common.h">
      <Filter>Header Files</Filter>
    </ClInclude>
    <ClInclude Include="arch\events\Event.h">
      <Filter>Header Files</Filter>
    </ClInclude>
    <ClInclude Include="arch\events\event_manager.h">
      <Filter>Header Files</Filter>
    </ClInclude>
    <ClInclude Include="arch\events\event_subscriber.h">
      <Filter>Header Files</Filter>
    </ClInclude>
    <ClInclude Include="arch\events\Events.h">
      <Filter>Header Files</Filter>
    </ClInclude>
    <ClInclude Include="arch\asset\asset.h">
      <Filter>Header Files</Filter>
    </ClInclude>
    <ClInclude Include="arch\audio\AudioManager.h">
      <Filter>Header Files</Filter>
    </ClInclude>
    <ClInclude Include="arch\audio\AudioResource.h">
      <Filter>Header Files</Filter>
    </ClInclude>
    <ClInclude Include="arch\events\DoLogicUpdateEvent.h">
      <Filter>Header Files</Filter>
    </ClInclude>
    <ClInclude Include="arch\game_structure.h">
      <Filter>Header Files</Filter>
    </ClInclude>
    <ClInclude Include="arch\font\font_manager.h">
      <Filter>Header Files</Filter>
    </ClInclude>
    <ClInclude Include="arch\font\font_resource.h">
      <Filter>Header Files</Filter>
    </ClInclude>
    <ClInclude Include="arch\objects\Component.h">
      <Filter>Header Files</Filter>
    </ClInclude>
    <ClInclude Include="arch\objects\game_object.h">
      <Filter>Header Files</Filter>
    </ClInclude>
    <ClInclude Include="arch\objects\game_object_factory.h">
      <Filter>Header Files</Filter>
    </ClInclude>
    <ClInclude Include="arch\graphic\graphic_resource.h">
      <Filter>Header Files</Filter>
    </ClInclude>
    <ClInclude Include="arch\objects\Player.h">
      <Filter>Header Files</Filter>
    </ClInclude>
    <ClInclude Include="arch\objects\player_component.h">
      <Filter>Header Files</Filter>
    </ClInclude>
    <ClInclude Include="arch\events\player_moved_event.h">
      <Filter>Header Files</Filter>
    </ClInclude>
    <ClInclude Include="arch\events\PositionChangeEvent.h">
      <Filter>Header Files</Filter>
    </ClInclude>
    <ClInclude Include="arch\events\scene_loaded_event.h">
      <Filter>Header Files</Filter>
    </ClInclude>
    <ClInclude Include="arch\events\SceneChangedEvent.h">
      <Filter>Header Files</Filter>
    </ClInclude>
    <ClInclude Include="arch\common\aliases.h">
      <Filter>Header Files</Filter>
    </ClInclude>
    <ClInclude Include="arch\scene\scene_manager.h">
      <Filter>Header Files</Filter>
    </ClInclude>
    <ClInclude Include="arch\scene\SceneItem.h">
      <Filter>Header Files</Filter>
    </ClInclude>
    <ClInclude Include="arch\scene\Layer.h">
      <Filter>Header Files</Filter>
    </ClInclude>
    <ClInclude Include="arch\scene\LevelGenerator.h">
      <Filter>Header Files</Filter>
    </ClInclude>
    <ClInclude Include="arch\graphic\Drawing.h">
      <Filter>Header Files</Filter>
    </ClInclude>
    <ClInclude Include="arch\common\constants.h">
      <Filter>Header Files</Filter>
    </ClInclude>
    <ClInclude Include="arch\common\global_config.h">
      <Filter>Header Files</Filter>
    </ClInclude>
    <ClInclude Include="arch\scene\rect_details.h">
      <Filter>Header Files</Filter>
    </ClInclude>
    <ClInclude Include="arch\graphic\sdl_graphics_manager.h">
      <Filter>Header Files</Filter>
    </ClInclude>
    <ClInclude Include="arch\resource\resource_manager.h">
      <Filter>Header Files</Filter>
    </ClInclude>
    <ClInclude Include="arch\objects\Sprite.h">
      <Filter>Header Files</Filter>
    </ClInclude>
    <ClInclude Include="arch\scene\Square.h">
      <Filter>Header Files</Filter>
    </ClInclude>
    <ClInclude Include="arch\util\Tuple.h">
      <Filter>Header Files</Filter>
    </ClInclude>
    <ClInclude Include="arch\graphic\3d\RenderManager3D.h">
      <Filter>Header Files</Filter>
    </ClInclude>
    <ClInclude Include="arch\graphic\3d\Texture3D.h">
      <Filter>Header Files</Filter>
    </ClInclude>
    <ClInclude Include="arch\objects\3d\Sprites3D.h">
      <Filter>Header Files</Filter>
    </ClInclude>
    <ClInclude Include="arch\graphic\3d\Mesh3D.h">
      <Filter>Header Files</Filter>
    </ClInclude>
    <ClInclude Include="arch\common\TypeAliases.h">
      <Filter>Header Files</Filter>
    </ClInclude>
    <ClInclude Include="arch\util\RectDebugging.h">
      <Filter>Header Files</Filter>
    </ClInclude>
    <ClInclude Include="arch\util\COMUtils.h">
      <Filter>Header Files</Filter>
    </ClInclude>
  </ItemGroup>
  <ItemGroup>
    <Xml Include="game\scene2.xml" />
    <Xml Include="game\scene3.xml" />
    <Xml Include="game\scene1.xml" />
    <Xml Include="game\Resources.xml" />
    <Xml Include="game\scene4.xml" />
  </ItemGroup>
  <ItemGroup>
    <ResourceCompile Include="2DGameDev.rc">
      <Filter>Resource Files</Filter>
    </ResourceCompile>
  </ItemGroup>
</Project>